
Microsoft Visual Studio Solution File, Format Version 12.00
# Visual Studio Version 17
VisualStudioVersion = 17.6.33712.159
MinimumVisualStudioVersion = 10.0.40219.1
Project("{9A19103F-16F7-4668-BE54-9A1E7A4F7556}") = "White Day Font Editor", "White Day Font Editor.csproj", "{C52A150B-CFE6-4DEF-9F4D-4F0326F07FDA}"
EndProject
Global
	GlobalSection(SolutionConfigurationPlatforms) = preSolution
		Debug|Any CPU = Debug|Any CPU
		Release|Any CPU = Release|Any CPU
	EndGlobalSection
	GlobalSection(ProjectConfigurationPlatforms) = postSolution
		{C52A150B-CFE6-4DEF-9F4D-4F0326F07FDA}.Debug|Any CPU.ActiveCfg = Debug|Any CPU
		{C52A150B-CFE6-4DEF-9F4D-4F0326F07FDA}.Debug|Any CPU.Build.0 = Debug|Any CPU
		{C52A150B-CFE6-4DEF-9F4D-4F0326F07FDA}.Release|Any CPU.ActiveCfg = Release|Any CPU
		{C52A150B-CFE6-4DEF-9F4D-4F0326F07FDA}.Release|Any CPU.Build.0 = Release|Any CPU
	EndGlobalSection
	GlobalSection(SolutionProperties) = preSolution
		HideSolutionNode = FALSE
	EndGlobalSection
	GlobalSection(ExtensibilityGlobals) = postSolution
		SolutionGuid = {E76A001F-D2E9-479C-8BCB-1B5E61B6A7B1}
	EndGlobalSection
EndGlobal
